
Microsoft Visual Studio Solution File, Format Version 10.00
# Visual Studio 2008
Project("{FAE04EC0-301F-11D3-BF4B-00C04F79EFBC}") = "API_diag", "API_diag\API_diag.csproj", "{B0016447-83E7-48B1-BE7D-FC55FC66D198}"
EndProject
Project("{B900F1C2-3D47-4FEC-85B3-04AAF18C3634}") = "WinMoStore deploy", "WinMoStore deploy\WinMoStore deploy.vddproj", "{55FFECEB-76E7-4561-8DCD-0D4161FAB324}"
EndProject
Global
	GlobalSection(SolutionConfigurationPlatforms) = preSolution
		Debug|Any CPU = Debug|Any CPU
		Release|Any CPU = Release|Any CPU
	EndGlobalSection
	GlobalSection(ProjectConfigurationPlatforms) = postSolution
		{B0016447-83E7-48B1-BE7D-FC55FC66D198}.Debug|Any CPU.ActiveCfg = Debug|Any CPU
		{B0016447-83E7-48B1-BE7D-FC55FC66D198}.Debug|Any CPU.Build.0 = Debug|Any CPU
		{B0016447-83E7-48B1-BE7D-FC55FC66D198}.Debug|Any CPU.Deploy.0 = Debug|Any CPU
		{B0016447-83E7-48B1-BE7D-FC55FC66D198}.Release|Any CPU.ActiveCfg = Release|Any CPU
		{B0016447-83E7-48B1-BE7D-FC55FC66D198}.Release|Any CPU.Build.0 = Release|Any CPU
		{B0016447-83E7-48B1-BE7D-FC55FC66D198}.Release|Any CPU.Deploy.0 = Release|Any CPU
		{55FFECEB-76E7-4561-8DCD-0D4161FAB324}.Debug|Any CPU.ActiveCfg = Debug
		{55FFECEB-76E7-4561-8DCD-0D4161FAB324}.Release|Any CPU.ActiveCfg = Release
	EndGlobalSection
	GlobalSection(SolutionProperties) = preSolution
		HideSolutionNode = FALSE
	EndGlobalSection
EndGlobal
